
Microsoft Visual Studio Solution File, Format Version 12.00
# Visual Studio 14
VisualStudioVersion = 14.0.23107.0
MinimumVisualStudioVersion = 10.0.40219.1
Project("{2150E333-8FDC-42A3-9474-1A3956D46DE8}") = "src", "src", "{B146C98F-91B1-472A-A324-DDB86CA09F21}"
EndProject
Project("{2150E333-8FDC-42A3-9474-1A3956D46DE8}") = "Solution Items", "Solution Items", "{CE5CC652-2FC1-427D-A7A6-642FED6F82F2}"
	ProjectSection(SolutionItems) = preProject
		global.json = global.json
	EndProjectSection
EndProject
Project("{8BB2217D-0F2D-49D1-97BC-3654ED321F3B}") = "SaleaeUtility", "src\SaleaeUtility\SaleaeUtility.xproj", "{CD6F3DC4-9665-4502-A019-03D7813E5601}"
EndProject
Global
	GlobalSection(SolutionConfigurationPlatforms) = preSolution
		Debug|Any CPU = Debug|Any CPU
		Release|Any CPU = Release|Any CPU
	EndGlobalSection
	GlobalSection(ProjectConfigurationPlatforms) = postSolution
		{CD6F3DC4-9665-4502-A019-03D7813E5601}.Debug|Any CPU.ActiveCfg = Debug|Any CPU
		{CD6F3DC4-9665-4502-A019-03D7813E5601}.Debug|Any CPU.Build.0 = Debug|Any CPU
		{CD6F3DC4-9665-4502-A019-03D7813E5601}.Release|Any CPU.ActiveCfg = Release|Any CPU
		{CD6F3DC4-9665-4502-A019-03D7813E5601}.Release|Any CPU.Build.0 = Release|Any CPU
	EndGlobalSection
	GlobalSection(SolutionProperties) = preSolution
		HideSolutionNode = FALSE
	EndGlobalSection
	GlobalSection(NestedProjects) = preSolution
		{CD6F3DC4-9665-4502-A019-03D7813E5601} = {B146C98F-91B1-472A-A324-DDB86CA09F21}
	EndGlobalSection
EndGlobal
